// !$*UTF8*$!
{
	archiveVersion = 1;
	classes = {
	};
	objectVersion = 56;
	objects = {

/* Begin PBXBuildFile section */
		357A518F2B2AE32B0079A689 /* AppDelegate.swift in Sources */ = {isa = PBXBuildFile; fileRef = 357A518E2B2AE32B0079A689 /* AppDelegate.swift */; };
		357A51912B2AE32B0079A689 /* SceneDelegate.swift in Sources */ = {isa = PBXBuildFile; fileRef = 357A51902B2AE32B0079A689 /* SceneDelegate.swift */; };
		357A51932B2AE32B0079A689 /* ViewController.swift in Sources */ = {isa = PBXBuildFile; fileRef = 357A51922B2AE32B0079A689 /* ViewController.swift */; };
		357A51962B2AE32B0079A689 /* Main.storyboard in Resources */ = {isa = PBXBuildFile; fileRef = 357A51942B2AE32B0079A689 /* Main.storyboard */; };
		357A51982B2AE32C0079A689 /* Assets.xcassets in Resources */ = {isa = PBXBuildFile; fileRef = 357A51972B2AE32C0079A689 /* Assets.xcassets */; };
		357A519B2B2AE32C0079A689 /* LaunchScreen.storyboard in Resources */ = {isa = PBXBuildFile; fileRef = 357A51992B2AE32C0079A689 /* LaunchScreen.storyboard */; };
		357A51A62B2AE32D0079A689 /* Counter1Tests.swift in Sources */ = {isa = PBXBuildFile; fileRef = 357A51A52B2AE32D0079A689 /* Counter1Tests.swift */; };
		357A51B02B2AE32D0079A689 /* Counter1UITests.swift in Sources */ = {isa = PBXBuildFile; fileRef = 357A51AF2B2AE32D0079A689 /* Counter1UITests.swift */; };
		357A51B22B2AE32D0079A689 /* Counter1UITestsLaunchTests.swift in Sources */ = {isa = PBXBuildFile; fileRef = 357A51B12B2AE32D0079A689 /* Counter1UITestsLaunchTests.swift */; };
		357A51BF2B2CE2560079A689 /* UITextView+Extension.swift in Sources */ = {isa = PBXBuildFile; fileRef = 357A51BE2B2CE2560079A689 /* UITextView+Extension.swift */; };
/* End PBXBuildFile section */

/* Begin PBXContainerItemProxy section */
		357A51A22B2AE32D0079A689 /* PBXContainerItemProxy */ = {
			isa = PBXContainerItemProxy;
			containerPortal = 357A51832B2AE32B0079A689 /* Project object */;
			proxyType = 1;
			remoteGlobalIDString = 357A518A2B2AE32B0079A689;
			remoteInfo = Counter1;
		};
		357A51AC2B2AE32D0079A689 /* PBXContainerItemProxy */ = {
			isa = PBXContainerItemProxy;
			containerPortal = 357A51832B2AE32B0079A689 /* Project object */;
			proxyType = 1;
			remoteGlobalIDString = 357A518A2B2AE32B0079A689;
			remoteInfo = Counter1;
		};
/* End PBXContainerItemProxy section */

/* Begin PBXFileReference section */
		357A518B2B2AE32B0079A689 /* Counter1.app */ = {isa = PBXFileReference; explicitFileType = wrapper.application; includeInIndex = 0; path = Counter1.app; sourceTree = BUILT_PRODUCTS_DIR; };
		357A518E2B2AE32B0079A689 /* AppDelegate.swift */ = {isa = PBXFileReference; lastKnownFileType = sourcecode.swift; path = AppDelegate.swift; sourceTree = "<group>"; };
		357A51902B2AE32B0079A689 /* SceneDelegate.swift */ = {isa = PBXFileReference; lastKnownFileType = sourcecode.swift; path = SceneDelegate.swift; sourceTree = "<group>"; };
		357A51922B2AE32B0079A689 /* ViewController.swift */ = {isa = PBXFileReference; lastKnownFileType = sourcecode.swift; path = ViewController.swift; sourceTree = "<group>"; };
		357A51952B2AE32B0079A689 /* Base */ = {isa = PBXFileReference; lastKnownFileType = file.storyboard; name = Base; path = Base.lproj/Main.storyboard; sourceTree = "<group>"; };
		357A51972B2AE32C0079A689 /* Assets.xcassets */ = {isa = PBXFileReference; lastKnownFileType = folder.assetcatalog; path = Assets.xcassets; sourceTree = "<group>"; };
		357A519A2B2AE32C0079A689 /* Base */ = {isa = PBXFileReference; lastKnownFileType = file.storyboard; name = Base; path = Base.lproj/LaunchScreen.storyboard; sourceTree = "<group>"; };
		357A519C2B2AE32C0079A689 /* Info.plist */ = {isa = PBXFileReference; lastKnownFileType = text.plist.xml; path = Info.plist; sourceTree = "<group>"; };
		357A51A12B2AE32D0079A689 /* Counter1Tests.xctest */ = {isa = PBXFileReference; explicitFileType = wrapper.cfbundle; includeInIndex = 0; path = Counter1Tests.xctest; sourceTree = BUILT_PRODUCTS_DIR; };
		357A51A52B2AE32D0079A689 /* Counter1Tests.swift */ = {isa = PBXFileReference; lastKnownFileType = sourcecode.swift; path = Counter1Tests.swift; sourceTree = "<group>"; };
		357A51AB2B2AE32D0079A689 /* Counter1UITests.xctest */ = {isa = PBXFileReference; explicitFileType = wrapper.cfbundle; includeInIndex = 0; path = Counter1UITests.xctest; sourceTree = BUILT_PRODUCTS_DIR; };
		357A51AF2B2AE32D0079A689 /* Counter1UITests.swift */ = {isa = PBXFileReference; lastKnownFileType = sourcecode.swift; path = Counter1UITests.swift; sourceTree = "<group>"; };
		357A51B12B2AE32D0079A689 /* Counter1UITestsLaunchTests.swift */ = {isa = PBXFileReference; lastKnownFileType = sourcecode.swift; path = Counter1UITestsLaunchTests.swift; sourceTree = "<group>"; };
		357A51BE2B2CE2560079A689 /* UITextView+Extension.swift */ = {isa = PBXFileReference; lastKnownFileType = sourcecode.swift; path = "UITextView+Extension.swift"; sourceTree = "<group>"; };
/* End PBXFileReference section */

/* Begin PBXFrameworksBuildPhase section */
		357A51882B2AE32B0079A689 /* Frameworks */ = {
			isa = PBXFrameworksBuildPhase;
			buildActionMask = 2147483647;
			files = (
			);
			runOnlyForDeploymentPostprocessing = 0;
		};
		357A519E2B2AE32D0079A689 /* Frameworks */ = {
			isa = PBXFrameworksBuildPhase;
			buildActionMask = 2147483647;
			files = (
			);
			runOnlyForDeploymentPostprocessing = 0;
		};
		357A51A82B2AE32D0079A689 /* Frameworks */ = {
			isa = PBXFrameworksBuildPhase;
			buildActionMask = 2147483647;
			files = (
			);
			runOnlyForDeploymentPostprocessing = 0;
		};
/* End PBXFrameworksBuildPhase section */

/* Begin PBXGroup section */
		357A51822B2AE32B0079A689 = {
			isa = PBXGroup;
			children = (
				357A518D2B2AE32B0079A689 /* Counter1 */,
				357A51A42B2AE32D0079A689 /* Counter1Tests */,
				357A51AE2B2AE32D0079A689 /* Counter1UITests */,
				357A518C2B2AE32B0079A689 /* Products */,
			);
			sourceTree = "<group>";
		};
		357A518C2B2AE32B0079A689 /* Products */ = {
			isa = PBXGroup;
			children = (
				357A518B2B2AE32B0079A689 /* Counter1.app */,
				357A51A12B2AE32D0079A689 /* Counter1Tests.xctest */,
				357A51AB2B2AE32D0079A689 /* Counter1UITests.xctest */,
			);
			name = Products;
			sourceTree = "<group>";
		};
		357A518D2B2AE32B0079A689 /* Counter1 */ = {
			isa = PBXGroup;
			children = (
				357A518E2B2AE32B0079A689 /* AppDelegate.swift */,
				357A51902B2AE32B0079A689 /* SceneDelegate.swift */,
				357A51922B2AE32B0079A689 /* ViewController.swift */,
				357A51BE2B2CE2560079A689 /* UITextView+Extension.swift */,
				357A51942B2AE32B0079A689 /* Main.storyboard */,
				357A51972B2AE32C0079A689 /* Assets.xcassets */,
				357A51992B2AE32C0079A689 /* LaunchScreen.storyboard */,
				357A519C2B2AE32C0079A689 /* Info.plist */,
			);
			path = Counter1;
			sourceTree = "<group>";
		};
		357A51A42B2AE32D0079A689 /* Counter1Tests */ = {
			isa = PBXGroup;
			children = (
				357A51A52B2AE32D0079A689 /* Counter1Tests.swift */,
			);
			path = Counter1Tests;
			sourceTree = "<group>";
		};
		357A51AE2B2AE32D0079A689 /* Counter1UITests */ = {
			isa = PBXGroup;
			children = (
				357A51AF2B2AE32D0079A689 /* Counter1UITests.swift */,
				357A51B12B2AE32D0079A689 /* Counter1UITestsLaunchTests.swift */,
			);
			path = Counter1UITests;
			sourceTree = "<group>";
		};
/* End PBXGroup section */

/* Begin PBXNativeTarget section */
		357A518A2B2AE32B0079A689 /* Counter1 */ = {
			isa = PBXNativeTarget;
			buildConfigurationList = 357A51B52B2AE32D0079A689 /* Build configuration list for PBXNativeTarget "Counter1" */;
			buildPhases = (
				357A51872B2AE32B0079A689 /* Sources */,
				357A51882B2AE32B0079A689 /* Frameworks */,
				357A51892B2AE32B0079A689 /* Resources */,
			);
			buildRules = (
			);
			dependencies = (
			);
			name = Counter1;
			productName = Counter1;
			productReference = 357A518B2B2AE32B0079A689 /* Counter1.app */;
			productType = "com.apple.product-type.application";
		};
		357A51A02B2AE32D0079A689 /* Counter1Tests */ = {
			isa = PBXNativeTarget;
			buildConfigurationList = 357A51B82B2AE32D0079A689 /* Build configuration list for PBXNativeTarget "Counter1Tests" */;
			buildPhases = (
				357A519D2B2AE32D0079A689 /* Sources */,
				357A519E2B2AE32D0079A689 /* Frameworks */,
				357A519F2B2AE32D0079A689 /* Resources */,
			);
			buildRules = (
			);
			dependencies = (
				357A51A32B2AE32D0079A689 /* PBXTargetDependency */,
			);
			name = Counter1Tests;
			productName = Counter1Tests;
			productReference = 357A51A12B2AE32D0079A689 /* Counter1Tests.xctest */;
			productType = "com.apple.product-type.bundle.unit-test";
		};
		357A51AA2B2AE32D0079A689 /* Counter1UITests */ = {
			isa = PBXNativeTarget;
			buildConfigurationList = 357A51BB2B2AE32D0079A689 /* Build configuration list for PBXNativeTarget "Counter1UITests" */;
			buildPhases = (
				357A51A72B2AE32D0079A689 /* Sources */,
				357A51A82B2AE32D0079A689 /* Frameworks */,
				357A51A92B2AE32D0079A689 /* Resources */,
			);
			buildRules = (
			);
			dependencies = (
				357A51AD2B2AE32D0079A689 /* PBXTargetDependency */,
			);
			name = Counter1UITests;
			productName = Counter1UITests;
			productReference = 357A51AB2B2AE32D0079A689 /* Counter1UITests.xctest */;
			productType = "com.apple.product-type.bundle.ui-testing";
		};
/* End PBXNativeTarget section */

/* Begin PBXProject section */
		357A51832B2AE32B0079A689 /* Project object */ = {
			isa = PBXProject;
			attributes = {
				BuildIndependentTargetsInParallel = 1;
				LastSwiftUpdateCheck = 1430;
				LastUpgradeCheck = 1430;
				TargetAttributes = {
					357A518A2B2AE32B0079A689 = {
						CreatedOnToolsVersion = 14.3.1;
					};
					357A51A02B2AE32D0079A689 = {
						CreatedOnToolsVersion = 14.3.1;
						TestTargetID = 357A518A2B2AE32B0079A689;
					};
					357A51AA2B2AE32D0079A689 = {
						CreatedOnToolsVersion = 14.3.1;
						TestTargetID = 357A518A2B2AE32B0079A689;
					};
				};
			};
			buildConfigurationList = 357A51862B2AE32B0079A689 /* Build configuration list for PBXProject "Counter1" */;
			compatibilityVersion = "Xcode 14.0";
			developmentRegion = en;
			hasScannedForEncodings = 0;
			knownRegions = (
				en,
				Base,
			);
			mainGroup = 357A51822B2AE32B0079A689;
			productRefGroup = 357A518C2B2AE32B0079A689 /* Products */;
			projectDirPath = "";
			projectRoot = "";
			targets = (
				357A518A2B2AE32B0079A689 /* Counter1 */,
				357A51A02B2AE32D0079A689 /* Counter1Tests */,
				357A51AA2B2AE32D0079A689 /* Counter1UITests */,
			);
		};
/* End PBXProject section */

/* Begin PBXResourcesBuildPhase section */
		357A51892B2AE32B0079A689 /* Resources */ = {
			isa = PBXResourcesBuildPhase;
			buildActionMask = 2147483647;
			files = (
				357A519B2B2AE32C0079A689 /* LaunchScreen.storyboard in Resources */,
				357A51982B2AE32C0079A689 /* Assets.xcassets in Resources */,
				357A51962B2AE32B0079A689 /* Main.storyboard in Resources */,
			);
			runOnlyForDeploymentPostprocessing = 0;
		};
		357A519F2B2AE32D0079A689 /* Resources */ = {
			isa = PBXResourcesBuildPhase;
			buildActionMask = 2147483647;
			files = (
			);
			runOnlyForDeploymentPostprocessing = 0;
		};
		357A51A92B2AE32D0079A689 /* Resources */ = {
			isa = PBXResourcesBuildPhase;
			buildActionMask = 2147483647;
			files = (
			);
			runOnlyForDeploymentPostprocessing = 0;
		};
/* End PBXResourcesBuildPhase section */

/* Begin PBXSourcesBuildPhase section */
		357A51872B2AE32B0079A689 /* Sources */ = {
			isa = PBXSourcesBuildPhase;
			buildActionMask = 2147483647;
			files = (
				357A51932B2AE32B0079A689 /* ViewController.swift in Sources */,
				357A51BF2B2CE2560079A689 /* UITextView+Extension.swift in Sources */,
				357A518F2B2AE32B0079A689 /* AppDelegate.swift in Sources */,
				357A51912B2AE32B0079A689 /* SceneDelegate.swift in Sources */,
			);
			runOnlyForDeploymentPostprocessing = 0;
		};
		357A519D2B2AE32D0079A689 /* Sources */ = {
			isa = PBXSourcesBuildPhase;
			buildActionMask = 2147483647;
			files = (
				357A51A62B2AE32D0079A689 /* Counter1Tests.swift in Sources */,
			);
			runOnlyForDeploymentPostprocessing = 0;
		};
		357A51A72B2AE32D0079A689 /* Sources */ = {
			isa = PBXSourcesBuildPhase;
			buildActionMask = 2147483647;
			files = (
				357A51B22B2AE32D0079A689 /* Counter1UITestsLaunchTests.swift in Sources */,
				357A51B02B2AE32D0079A689 /* Counter1UITests.swift in Sources */,
			);
			runOnlyForDeploymentPostprocessing = 0;
		};
/* End PBXSourcesBuildPhase section */

/* Begin PBXTargetDependency section */
		357A51A32B2AE32D0079A689 /* PBXTargetDependency */ = {
			isa = PBXTargetDependency;
			target = 357A518A2B2AE32B0079A689 /* Counter1 */;
			targetProxy = 357A51A22B2AE32D0079A689 /* PBXContainerItemProxy */;
		};
		357A51AD2B2AE32D0079A689 /* PBXTargetDependency */ = {
			isa = PBXTargetDependency;
			target = 357A518A2B2AE32B0079A689 /* Counter1 */;
			targetProxy = 357A51AC2B2AE32D0079A689 /* PBXContainerItemProxy */;
		};
/* End PBXTargetDependency section */

/* Begin PBXVariantGroup section */
		357A51942B2AE32B0079A689 /* Main.storyboard */ = {
			isa = PBXVariantGroup;
			children = (
				357A51952B2AE32B0079A689 /* Base */,
			);
			name = Main.storyboard;
			sourceTree = "<group>";
		};
		357A51992B2AE32C0079A689 /* LaunchScreen.storyboard */ = {
			isa = PBXVariantGroup;
			children = (
				357A519A2B2AE32C0079A689 /* Base */,
			);
			name = LaunchScreen.storyboard;
			sourceTree = "<group>";
		};
/* End PBXVariantGroup section */

/* Begin XCBuildConfiguration section */
		357A51B32B2AE32D0079A689 /* Debug */ = {
			isa = XCBuildConfiguration;
			buildSettings = {
				ALWAYS_SEARCH_USER_PATHS = NO;
				CLANG_ANALYZER_NONNULL = YES;
				CLANG_ANALYZER_NUMBER_OBJECT_CONVERSION = YES_AGGRESSIVE;
				CLANG_CXX_LANGUAGE_STANDARD = "gnu++20";
				CLANG_ENABLE_MODULES = YES;
				CLANG_ENABLE_OBJC_ARC = YES;
				CLANG_ENABLE_OBJC_WEAK = YES;
				CLANG_WARN_BLOCK_CAPTURE_AUTORELEASING = YES;
				CLANG_WARN_BOOL_CONVERSION = YES;
				CLANG_WARN_COMMA = YES;
				CLANG_WARN_CONSTANT_CONVERSION = YES;
				CLANG_WARN_DEPRECATED_OBJC_IMPLEMENTATIONS = YES;
				CLANG_WARN_DIRECT_OBJC_ISA_USAGE = YES_ERROR;
				CLANG_WARN_DOCUMENTATION_COMMENTS = YES;
				CLANG_WARN_EMPTY_BODY = YES;
				CLANG_WARN_ENUM_CONVERSION = YES;
				CLANG_WARN_INFINITE_RECURSION = YES;
				CLANG_WARN_INT_CONVERSION = YES;
				CLANG_WARN_NON_LITERAL_NULL_CONVERSION = YES;
				CLANG_WARN_OBJC_IMPLICIT_RETAIN_SELF = YES;
				CLANG_WARN_OBJC_LITERAL_CONVERSION = YES;
				CLANG_WARN_OBJC_ROOT_CLASS = YES_ERROR;
				CLANG_WARN_QUOTED_INCLUDE_IN_FRAMEWORK_HEADER = YES;
				CLANG_WARN_RANGE_LOOP_ANALYSIS = YES;
				CLANG_WARN_STRICT_PROTOTYPES = YES;
				CLANG_WARN_SUSPICIOUS_MOVE = YES;
				CLANG_WARN_UNGUARDED_AVAILABILITY = YES_AGGRESSIVE;
				CLANG_WARN_UNREACHABLE_CODE = YES;
				CLANG_WARN__DUPLICATE_METHOD_MATCH = YES;
				COPY_PHASE_STRIP = NO;
				DEBUG_INFORMATION_FORMAT = dwarf;
				ENABLE_STRICT_OBJC_MSGSEND = YES;
				ENABLE_TESTABILITY = YES;
				GCC_C_LANGUAGE_STANDARD = gnu11;
				GCC_DYNAMIC_NO_PIC = NO;
				GCC_NO_COMMON_BLOCKS = YES;
				GCC_OPTIMIZATION_LEVEL = 0;
				GCC_PREPROCESSOR_DEFINITIONS = (
					"DEBUG=1",
					"$(inherited)",
				);
				GCC_WARN_64_TO_32_BIT_CONVERSION = YES;
				GCC_WARN_ABOUT_RETURN_TYPE = YES_ERROR;
				GCC_WARN_UNDECLARED_SELECTOR = YES;
				GCC_WARN_UNINITIALIZED_AUTOS = YES_AGGRESSIVE;
				GCC_WARN_UNUSED_FUNCTION = YES;
				GCC_WARN_UNUSED_VARIABLE = YES;
				IPHONEOS_DEPLOYMENT_TARGET = 16.4;
				MTL_ENABLE_DEBUG_INFO = INCLUDE_SOURCE;
				MTL_FAST_MATH = YES;
				ONLY_ACTIVE_ARCH = YES;
				SDKROOT = iphoneos;
				SWIFT_ACTIVE_COMPILATION_CONDITIONS = DEBUG;
				SWIFT_OPTIMIZATION_LEVEL = "-Onone";
			};
			name = Debug;
		};
		357A51B42B2AE32D0079A689 /* Release */ = {
			isa = XCBuildConfiguration;
			buildSettings = {
				ALWAYS_SEARCH_USER_PATHS = NO;
				CLANG_ANALYZER_NONNULL = YES;
				CLANG_ANALYZER_NUMBER_OBJECT_CONVERSION = YES_AGGRESSIVE;
				CLANG_CXX_LANGUAGE_STANDARD = "gnu++20";
				CLANG_ENABLE_MODULES = YES;
				CLANG_ENABLE_OBJC_ARC = YES;
				CLANG_ENABLE_OBJC_WEAK = YES;
				CLANG_WARN_BLOCK_CAPTURE_AUTORELEASING = YES;
				CLANG_WARN_BOOL_CONVERSION = YES;
				CLANG_WARN_COMMA = YES;
				CLANG_WARN_CONSTANT_CONVERSION = YES;
				CLANG_WARN_DEPRECATED_OBJC_IMPLEMENTATIONS = YES;
				CLANG_WARN_DIRECT_OBJC_ISA_USAGE = YES_ERROR;
				CLANG_WARN_DOCUMENTATION_COMMENTS = YES;
				CLANG_WARN_EMPTY_BODY = YES;
				CLANG_WARN_ENUM_CONVERSION = YES;
				CLANG_WARN_INFINITE_RECURSION = YES;
				CLANG_WARN_INT_CONVERSION = YES;
				CLANG_WARN_NON_LITERAL_NULL_CONVERSION = YES;
				CLANG_WARN_OBJC_IMPLICIT_RETAIN_SELF = YES;
				CLANG_WARN_OBJC_LITERAL_CONVERSION = YES;
				CLANG_WARN_OBJC_ROOT_CLASS = YES_ERROR;
				CLANG_WARN_QUOTED_INCLUDE_IN_FRAMEWORK_HEADER = YES;
				CLANG_WARN_RANGE_LOOP_ANALYSIS = YES;
				CLANG_WARN_STRICT_PROTOTYPES = YES;
				CLANG_WARN_SUSPICIOUS_MOVE = YES;
				CLANG_WARN_UNGUARDED_AVAILABILITY = YES_AGGRESSIVE;
				CLANG_WARN_UNREACHABLE_CODE = YES;
				CLANG_WARN__DUPLICATE_METHOD_MATCH = YES;
				COPY_PHASE_STRIP = NO;
				DEBUG_INFORMATION_FORMAT = "dwarf-with-dsym";
				ENABLE_NS_ASSERTIONS = NO;
				ENABLE_STRICT_OBJC_MSGSEND = YES;
				GCC_C_LANGUAGE_STANDARD = gnu11;
				GCC_NO_COMMON_BLOCKS = YES;
				GCC_WARN_64_TO_32_BIT_CONVERSION = YES;
				GCC_WARN_ABOUT_RETURN_TYPE = YES_ERROR;
				GCC_WARN_UNDECLARED_SELECTOR = YES;
				GCC_WARN_UNINITIALIZED_AUTOS = YES_AGGRESSIVE;
				GCC_WARN_UNUSED_FUNCTION = YES;
				GCC_WARN_UNUSED_VARIABLE = YES;
				IPHONEOS_DEPLOYMENT_TARGET = 16.4;
				MTL_ENABLE_DEBUG_INFO = NO;
				MTL_FAST_MATH = YES;
				SDKROOT = iphoneos;
				SWIFT_COMPILATION_MODE = wholemodule;
				SWIFT_OPTIMIZATION_LEVEL = "-O";
				VALIDATE_PRODUCT = YES;
			};
			name = Release;
		};
		357A51B62B2AE32D0079A689 /* Debug */ = {
			isa = XCBuildConfiguration;
			buildSettings = {
				ASSETCATALOG_COMPILER_APPICON_NAME = AppIcon;
				ASSETCATALOG_COMPILER_GLOBAL_ACCENT_COLOR_NAME = AccentColor;
				CODE_SIGN_STYLE = Automatic;
				CURRENT_PROJECT_VERSION = 1;
				GENERATE_INFOPLIST_FILE = YES;
				INFOPLIST_FILE = Counter1/Info.plist;
				INFOPLIST_KEY_UIApplicationSupportsIndirectInputEvents = YES;
				INFOPLIST_KEY_UILaunchStoryboardName = LaunchScreen;
				INFOPLIST_KEY_UIMainStoryboardFile = Main;
				INFOPLIST_KEY_UISupportedInterfaceOrientations_iPad = "UIInterfaceOrientationPortrait UIInterfaceOrientationPortraitUpsideDown UIInterfaceOrientationLandscapeLeft UIInterfaceOrientationLandscapeRight";
				INFOPLIST_KEY_UISupportedInterfaceOrientations_iPhone = "UIInterfaceOrientationPortrait UIInterfaceOrientationLandscapeLeft UIInterfaceOrientationLandscapeRight";
				LD_RUNPATH_SEARCH_PATHS = (
					"$(inherited)",
					"@executable_path/Frameworks",
				);
				MARKETING_VERSION = 1.0;
				PRODUCT_BUNDLE_IDENTIFIER = lesson.Counter1;
				PRODUCT_NAME = "$(TARGET_NAME)";
				SWIFT_EMIT_LOC_STRINGS = YES;
				SWIFT_VERSION = 5.0;
				TARGETED_DEVICE_FAMILY = "1,2";
			};
			name = Debug;
		};
		357A51B72B2AE32D0079A689 /* Release */ = {
			isa = XCBuildConfiguration;
			buildSettings = {
				ASSETCATALOG_COMPILER_APPICON_NAME = AppIcon;
				ASSETCATALOG_COMPILER_GLOBAL_ACCENT_COLOR_NAME = AccentColor;
				CODE_SIGN_STYLE = Automatic;
				CURRENT_PROJECT_VERSION = 1;
				GENERATE_INFOPLIST_FILE = YES;
				INFOPLIST_FILE = Counter1/Info.plist;
				INFOPLIST_KEY_UIApplicationSupportsIndirectInputEvents = YES;
				INFOPLIST_KEY_UILaunchStoryboardName = LaunchScreen;
				INFOPLIST_KEY_UIMainStoryboardFile = Main;
				INFOPLIST_KEY_UISupportedInterfaceOrientations_iPad = "UIInterfaceOrientationPortrait UIInterfaceOrientationPortraitUpsideDown UIInterfaceOrientationLandscapeLeft UIInterfaceOrientationLandscapeRight";
				INFOPLIST_KEY_UISupportedInterfaceOrientations_iPhone = "UIInterfaceOrientationPortrait UIInterfaceOrientationLandscapeLeft UIInterfaceOrientationLandscapeRight";
				LD_RUNPATH_SEARCH_PATHS = (
					"$(inherited)",
					"@executable_path/Frameworks",
				);
				MARKETING_VERSION = 1.0;
				PRODUCT_BUNDLE_IDENTIFIER = lesson.Counter1;
				PRODUCT_NAME = "$(TARGET_NAME)";
				SWIFT_EMIT_LOC_STRINGS = YES;
				SWIFT_VERSION = 5.0;
				TARGETED_DEVICE_FAMILY = "1,2";
			};
			name = Release;
		};
		357A51B92B2AE32D0079A689 /* Debug */ = {
			isa = XCBuildConfiguration;
			buildSettings = {
				ALWAYS_EMBED_SWIFT_STANDARD_LIBRARIES = YES;
				BUNDLE_LOADER = "$(TEST_HOST)";
				CODE_SIGN_STYLE = Automatic;
				CURRENT_PROJECT_VERSION = 1;
				GENERATE_INFOPLIST_FILE = YES;
				IPHONEOS_DEPLOYMENT_TARGET = 16.4;
				MARKETING_VERSION = 1.0;
				PRODUCT_BUNDLE_IDENTIFIER = lesson.Counter1Tests;
				PRODUCT_NAME = "$(TARGET_NAME)";
				SWIFT_EMIT_LOC_STRINGS = NO;
				SWIFT_VERSION = 5.0;
				TARGETED_DEVICE_FAMILY = "1,2";
				TEST_HOST = "$(BUILT_PRODUCTS_DIR)/Counter1.app/$(BUNDLE_EXECUTABLE_FOLDER_PATH)/Counter1";
			};
			name = Debug;
		};
		357A51BA2B2AE32D0079A689 /* Release */ = {
			isa = XCBuildConfiguration;
			buildSettings = {
				ALWAYS_EMBED_SWIFT_STANDARD_LIBRARIES = YES;
				BUNDLE_LOADER = "$(TEST_HOST)";
				CODE_SIGN_STYLE = Automatic;
				CURRENT_PROJECT_VERSION = 1;
				GENERATE_INFOPLIST_FILE = YES;
				IPHONEOS_DEPLOYMENT_TARGET = 16.4;
				MARKETING_VERSION = 1.0;
				PRODUCT_BUNDLE_IDENTIFIER = lesson.Counter1Tests;
				PRODUCT_NAME = "$(TARGET_NAME)";
				SWIFT_EMIT_LOC_STRINGS = NO;
				SWIFT_VERSION = 5.0;
				TARGETED_DEVICE_FAMILY = "1,2";
				TEST_HOST = "$(BUILT_PRODUCTS_DIR)/Counter1.app/$(BUNDLE_EXECUTABLE_FOLDER_PATH)/Counter1";
			};
			name = Release;
		};
		357A51BC2B2AE32D0079A689 /* Debug */ = {
			isa = XCBuildConfiguration;
			buildSettings = {
				ALWAYS_EMBED_SWIFT_STANDARD_LIBRARIES = YES;
				CODE_SIGN_STYLE = Automatic;
				CURRENT_PROJECT_VERSION = 1;
				GENERATE_INFOPLIST_FILE = YES;
				MARKETING_VERSION = 1.0;
				PRODUCT_BUNDLE_IDENTIFIER = lesson.Counter1UITests;
				PRODUCT_NAME = "$(TARGET_NAME)";
				SWIFT_EMIT_LOC_STRINGS = NO;
				SWIFT_VERSION = 5.0;
				TARGETED_DEVICE_FAMILY = "1,2";
				TEST_TARGET_NAME = Counter1;
			};
			name = Debug;
		};
		357A51BD2B2AE32D0079A689 /* Release */ = {
			isa = XCBuildConfiguration;
			buildSettings = {
				ALWAYS_EMBED_SWIFT_STANDARD_LIBRARIES = YES;
				CODE_SIGN_STYLE = Automatic;
				CURRENT_PROJECT_VERSION = 1;
				GENERATE_INFOPLIST_FILE = YES;
				MARKETING_VERSION = 1.0;
				PRODUCT_BUNDLE_IDENTIFIER = lesson.Counter1UITests;
				PRODUCT_NAME = "$(TARGET_NAME)";
				SWIFT_EMIT_LOC_STRINGS = NO;
				SWIFT_VERSION = 5.0;
				TARGETED_DEVICE_FAMILY = "1,2";
				TEST_TARGET_NAME = Counter1;
			};
			name = Release;
		};
/* End XCBuildConfiguration section */

/* Begin XCConfigurationList section */
		357A51862B2AE32B0079A689 /* Build configuration list for PBXProject "Counter1" */ = {
			isa = XCConfigurationList;
			buildConfigurations = (
				357A51B32B2AE32D0079A689 /* Debug */,
				357A51B42B2AE32D0079A689 /* Release */,
			);
			defaultConfigurationIsVisible = 0;
			defaultConfigurationName = Release;
		};
		357A51B52B2AE32D0079A689 /* Build configuration list for PBXNativeTarget "Counter1" */ = {
			isa = XCConfigurationList;
			buildConfigurations = (
				357A51B62B2AE32D0079A689 /* Debug */,
				357A51B72B2AE32D0079A689 /* Release */,
			);
			defaultConfigurationIsVisible = 0;
			defaultConfigurationName = Release;
		};
		357A51B82B2AE32D0079A689 /* Build configuration list for PBXNativeTarget "Counter1Tests" */ = {
			isa = XCConfigurationList;
			buildConfigurations = (
				357A51B92B2AE32D0079A689 /* Debug */,
				357A51BA2B2AE32D0079A689 /* Release */,
			);
			defaultConfigurationIsVisible = 0;
			defaultConfigurationName = Release;
		};
		357A51BB2B2AE32D0079A689 /* Build configuration list for PBXNativeTarget "Counter1UITests" */ = {
			isa = XCConfigurationList;
			buildConfigurations = (
				357A51BC2B2AE32D0079A689 /* Debug */,
				357A51BD2B2AE32D0079A689 /* Release */,
			);
			defaultConfigurationIsVisible = 0;
			defaultConfigurationName = Release;
		};
/* End XCConfigurationList section */
	};
	rootObject = 357A51832B2AE32B0079A689 /* Project object */;
}
